
Microsoft Visual Studio Solution File, Format Version 12.00
# Visual Studio Version 17
VisualStudioVersion = 17.4.32916.344
MinimumVisualStudioVersion = 10.0.40219.1
Project("{9A19103F-16F7-4668-BE54-9A1E7A4F7556}") = "SplitBackDotnet", "SplitBackDotnet\SplitBackDotnet.csproj", "{A07F8632-A13E-4872-BB73-4128F97C4053}"
EndProject
Project("{FAE04EC0-301F-11D3-BF4B-00C04F79EFBC}") = "SplitBackDotnet.Tests.Unit", "SplitBackDotnet.Tests.Unit\SplitBackDotnet.Tests.Unit.csproj", "{6DFA7A80-C813-46A1-8AE5-B67F9E8652FE}"
EndProject
Global
	GlobalSection(SolutionConfigurationPlatforms) = preSolution
		Debug|Any CPU = Debug|Any CPU
		Release|Any CPU = Release|Any CPU
	EndGlobalSection
	GlobalSection(ProjectConfigurationPlatforms) = postSolution
		{A07F8632-A13E-4872-BB73-4128F97C4053}.Debug|Any CPU.ActiveCfg = Debug|Any CPU
		{A07F8632-A13E-4872-BB73-4128F97C4053}.Debug|Any CPU.Build.0 = Debug|Any CPU
		{A07F8632-A13E-4872-BB73-4128F97C4053}.Release|Any CPU.ActiveCfg = Release|Any CPU
		{A07F8632-A13E-4872-BB73-4128F97C4053}.Release|Any CPU.Build.0 = Release|Any CPU
		{6DFA7A80-C813-46A1-8AE5-B67F9E8652FE}.Debug|Any CPU.ActiveCfg = Debug|Any CPU
		{6DFA7A80-C813-46A1-8AE5-B67F9E8652FE}.Debug|Any CPU.Build.0 = Debug|Any CPU
		{6DFA7A80-C813-46A1-8AE5-B67F9E8652FE}.Release|Any CPU.ActiveCfg = Release|Any CPU
		{6DFA7A80-C813-46A1-8AE5-B67F9E8652FE}.Release|Any CPU.Build.0 = Release|Any CPU
	EndGlobalSection
	GlobalSection(SolutionProperties) = preSolution
		HideSolutionNode = FALSE
	EndGlobalSection
	GlobalSection(ExtensibilityGlobals) = postSolution
		SolutionGuid = {14D52BDE-BC04-4C99-8B8A-7AD1CBB22453}
	EndGlobalSection
EndGlobal
